
Microsoft Visual Studio Solution File, Format Version 12.00
# Visual Studio 15
VisualStudioVersion = 15.0.26730.16
MinimumVisualStudioVersion = 10.0.40219.1
Project("{9A19103F-16F7-4668-BE54-9A1E7A4F7556}") = "Paradigm.ORM.Data", "Paradigm.ORM.Data\Paradigm.ORM.Data.csproj", "{8A4AA9BE-4198-4503-9698-43ABDA19800B}"
EndProject
Project("{9A19103F-16F7-4668-BE54-9A1E7A4F7556}") = "Paradigm.ORM.Data.MySql", "Paradigm.ORM.Data.MySql\Paradigm.ORM.Data.MySql.csproj", "{C474A7CA-E2D3-4060-AE9A-51FD80CF1569}"
EndProject
Project("{9A19103F-16F7-4668-BE54-9A1E7A4F7556}") = "Paradigm.ORM.Data.PostgreSql", "Paradigm.ORM.Data.PostgreSql\Paradigm.ORM.Data.PostgreSql.csproj", "{40B749F0-A83B-44AD-841D-A379D9FEB699}"
EndProject
Project("{9A19103F-16F7-4668-BE54-9A1E7A4F7556}") = "Paradigm.ORM.Data.SqlServer", "Paradigm.ORM.Data.SqlServer\Paradigm.ORM.Data.SqlServer.csproj", "{9AB35CC4-411E-4B89-A501-1AC716D946BB}"
EndProject
Project("{9A19103F-16F7-4668-BE54-9A1E7A4F7556}") = "Paradigm.ORM.Tests", "Paradigm.ORM.Tests\Paradigm.ORM.Tests.csproj", "{BF45F030-F4F7-471E-A8F6-CDC42FEBF7B1}"
EndProject
Project("{9A19103F-16F7-4668-BE54-9A1E7A4F7556}") = "Paradigm.ORM.DataExport", "Paradigm.ORM.DataExport\Paradigm.ORM.DataExport.csproj", "{BB36CAE9-EFED-4176-8045-211F7BE5D23D}"
EndProject
Project("{9A19103F-16F7-4668-BE54-9A1E7A4F7556}") = "Paradigm.ORM.DbFirst", "Paradigm.ORM.DbFirst\Paradigm.ORM.DbFirst.csproj", "{A5EC2D4E-3F56-4889-BAA1-5E2268BC0F3F}"
EndProject
Project("{9A19103F-16F7-4668-BE54-9A1E7A4F7556}") = "Paradigm.ORM.DbPublisher", "Paradigm.ORM.DbPublisher\Paradigm.ORM.DbPublisher.csproj", "{98D10B41-4E98-4869-8255-F9E784C9CCFC}"
EndProject
Project("{2150E333-8FDC-42A3-9474-1A3956D46DE8}") = "00.ORM", "00.ORM", "{D1D4C68F-B57A-4401-9883-3BA3D47337E4}"
EndProject
Project("{2150E333-8FDC-42A3-9474-1A3956D46DE8}") = "01.Tools", "01.Tools", "{1158448F-9938-4DB6-95E6-710B4A5BCAA1}"
EndProject
Project("{2150E333-8FDC-42A3-9474-1A3956D46DE8}") = "02.Tests", "02.Tests", "{7FE04582-1753-47B9-8AC2-7EA8BF5FB88D}"
EndProject
Project("{FAE04EC0-301F-11D3-BF4B-00C04F79EFBC}") = "Paradigm.ORM.Data.Cassandra", "Paradigm.ORM.Data.Cassandra\Paradigm.ORM.Data.Cassandra.csproj", "{A3C1672E-BF22-4FA4-B1C7-300BDF41830E}"
EndProject
Global
	GlobalSection(SolutionConfigurationPlatforms) = preSolution
		Debug|Any CPU = Debug|Any CPU
		Release|Any CPU = Release|Any CPU
	EndGlobalSection
	GlobalSection(ProjectConfigurationPlatforms) = postSolution
		{8A4AA9BE-4198-4503-9698-43ABDA19800B}.Debug|Any CPU.ActiveCfg = Debug|Any CPU
		{8A4AA9BE-4198-4503-9698-43ABDA19800B}.Debug|Any CPU.Build.0 = Debug|Any CPU
		{8A4AA9BE-4198-4503-9698-43ABDA19800B}.Release|Any CPU.ActiveCfg = Release|Any CPU
		{8A4AA9BE-4198-4503-9698-43ABDA19800B}.Release|Any CPU.Build.0 = Release|Any CPU
		{C474A7CA-E2D3-4060-AE9A-51FD80CF1569}.Debug|Any CPU.ActiveCfg = Debug|Any CPU
		{C474A7CA-E2D3-4060-AE9A-51FD80CF1569}.Debug|Any CPU.Build.0 = Debug|Any CPU
		{C474A7CA-E2D3-4060-AE9A-51FD80CF1569}.Release|Any CPU.ActiveCfg = Release|Any CPU
		{C474A7CA-E2D3-4060-AE9A-51FD80CF1569}.Release|Any CPU.Build.0 = Release|Any CPU
		{40B749F0-A83B-44AD-841D-A379D9FEB699}.Debug|Any CPU.ActiveCfg = Debug|Any CPU
		{40B749F0-A83B-44AD-841D-A379D9FEB699}.Debug|Any CPU.Build.0 = Debug|Any CPU
		{40B749F0-A83B-44AD-841D-A379D9FEB699}.Release|Any CPU.ActiveCfg = Release|Any CPU
		{40B749F0-A83B-44AD-841D-A379D9FEB699}.Release|Any CPU.Build.0 = Release|Any CPU
		{9AB35CC4-411E-4B89-A501-1AC716D946BB}.Debug|Any CPU.ActiveCfg = Debug|Any CPU
		{9AB35CC4-411E-4B89-A501-1AC716D946BB}.Debug|Any CPU.Build.0 = Debug|Any CPU
		{9AB35CC4-411E-4B89-A501-1AC716D946BB}.Release|Any CPU.ActiveCfg = Release|Any CPU
		{9AB35CC4-411E-4B89-A501-1AC716D946BB}.Release|Any CPU.Build.0 = Release|Any CPU
		{BF45F030-F4F7-471E-A8F6-CDC42FEBF7B1}.Debug|Any CPU.ActiveCfg = Debug|Any CPU
		{BF45F030-F4F7-471E-A8F6-CDC42FEBF7B1}.Debug|Any CPU.Build.0 = Debug|Any CPU
		{BF45F030-F4F7-471E-A8F6-CDC42FEBF7B1}.Release|Any CPU.ActiveCfg = Release|Any CPU
		{BF45F030-F4F7-471E-A8F6-CDC42FEBF7B1}.Release|Any CPU.Build.0 = Release|Any CPU
		{BB36CAE9-EFED-4176-8045-211F7BE5D23D}.Debug|Any CPU.ActiveCfg = Debug|Any CPU
		{BB36CAE9-EFED-4176-8045-211F7BE5D23D}.Debug|Any CPU.Build.0 = Debug|Any CPU
		{BB36CAE9-EFED-4176-8045-211F7BE5D23D}.Release|Any CPU.ActiveCfg = Release|Any CPU
		{BB36CAE9-EFED-4176-8045-211F7BE5D23D}.Release|Any CPU.Build.0 = Release|Any CPU
		{A5EC2D4E-3F56-4889-BAA1-5E2268BC0F3F}.Debug|Any CPU.ActiveCfg = Debug|Any CPU
		{A5EC2D4E-3F56-4889-BAA1-5E2268BC0F3F}.Debug|Any CPU.Build.0 = Debug|Any CPU
		{A5EC2D4E-3F56-4889-BAA1-5E2268BC0F3F}.Release|Any CPU.ActiveCfg = Release|Any CPU
		{A5EC2D4E-3F56-4889-BAA1-5E2268BC0F3F}.Release|Any CPU.Build.0 = Release|Any CPU
		{98D10B41-4E98-4869-8255-F9E784C9CCFC}.Debug|Any CPU.ActiveCfg = Debug|Any CPU
		{98D10B41-4E98-4869-8255-F9E784C9CCFC}.Debug|Any CPU.Build.0 = Debug|Any CPU
		{98D10B41-4E98-4869-8255-F9E784C9CCFC}.Release|Any CPU.ActiveCfg = Release|Any CPU
		{98D10B41-4E98-4869-8255-F9E784C9CCFC}.Release|Any CPU.Build.0 = Release|Any CPU
		{A3C1672E-BF22-4FA4-B1C7-300BDF41830E}.Debug|Any CPU.ActiveCfg = Debug|Any CPU
		{A3C1672E-BF22-4FA4-B1C7-300BDF41830E}.Debug|Any CPU.Build.0 = Debug|Any CPU
		{A3C1672E-BF22-4FA4-B1C7-300BDF41830E}.Release|Any CPU.ActiveCfg = Release|Any CPU
		{A3C1672E-BF22-4FA4-B1C7-300BDF41830E}.Release|Any CPU.Build.0 = Release|Any CPU
	EndGlobalSection
	GlobalSection(SolutionProperties) = preSolution
		HideSolutionNode = FALSE
	EndGlobalSection
	GlobalSection(NestedProjects) = preSolution
		{8A4AA9BE-4198-4503-9698-43ABDA19800B} = {D1D4C68F-B57A-4401-9883-3BA3D47337E4}
		{C474A7CA-E2D3-4060-AE9A-51FD80CF1569} = {D1D4C68F-B57A-4401-9883-3BA3D47337E4}
		{40B749F0-A83B-44AD-841D-A379D9FEB699} = {D1D4C68F-B57A-4401-9883-3BA3D47337E4}
		{9AB35CC4-411E-4B89-A501-1AC716D946BB} = {D1D4C68F-B57A-4401-9883-3BA3D47337E4}
		{BF45F030-F4F7-471E-A8F6-CDC42FEBF7B1} = {7FE04582-1753-47B9-8AC2-7EA8BF5FB88D}
		{BB36CAE9-EFED-4176-8045-211F7BE5D23D} = {1158448F-9938-4DB6-95E6-710B4A5BCAA1}
		{A5EC2D4E-3F56-4889-BAA1-5E2268BC0F3F} = {1158448F-9938-4DB6-95E6-710B4A5BCAA1}
		{98D10B41-4E98-4869-8255-F9E784C9CCFC} = {1158448F-9938-4DB6-95E6-710B4A5BCAA1}
		{A3C1672E-BF22-4FA4-B1C7-300BDF41830E} = {D1D4C68F-B57A-4401-9883-3BA3D47337E4}
	EndGlobalSection
	GlobalSection(ExtensibilityGlobals) = postSolution
		SolutionGuid = {65C1B0E6-490B-429F-BA7D-CD0A7B63C943}
	EndGlobalSection
EndGlobal
